
Microsoft Visual Studio Solution File, Format Version 12.00
# Visual Studio Version 16
VisualStudioVersion = 16.0.31729.503
MinimumVisualStudioVersion = 10.0.40219.1
Project("{8BC9CEB8-8B4A-11D0-8D11-00A0C91BC942}") = "ExceptionsActivity", "ExceptionsActivity.vcxproj", "{809F13A6-53A3-4E9F-BCF6-04B2ACD49724}"
EndProject
Global
	GlobalSection(SolutionConfigurationPlatforms) = preSolution
		Debug|x64 = Debug|x64
		Debug|x86 = Debug|x86
		Release|x64 = Release|x64
		Release|x86 = Release|x86
	EndGlobalSection
	GlobalSection(ProjectConfigurationPlatforms) = postSolution
		{809F13A6-53A3-4E9F-BCF6-04B2ACD49724}.Debug|x64.ActiveCfg = Debug|x64
		{809F13A6-53A3-4E9F-BCF6-04B2ACD49724}.Debug|x64.Build.0 = Debug|x64
		{809F13A6-53A3-4E9F-BCF6-04B2ACD49724}.Debug|x86.ActiveCfg = Debug|Win32
		{809F13A6-53A3-4E9F-BCF6-04B2ACD49724}.Debug|x86.Build.0 = Debug|Win32
		{809F13A6-53A3-4E9F-BCF6-04B2ACD49724}.Release|x64.ActiveCfg = Release|x64
		{809F13A6-53A3-4E9F-BCF6-04B2ACD49724}.Release|x64.Build.0 = Release|x64
		{809F13A6-53A3-4E9F-BCF6-04B2ACD49724}.Release|x86.ActiveCfg = Release|Win32
		{809F13A6-53A3-4E9F-BCF6-04B2ACD49724}.Release|x86.Build.0 = Release|Win32
	EndGlobalSection
	GlobalSection(SolutionProperties) = preSolution
		HideSolutionNode = FALSE
	EndGlobalSection
	GlobalSection(ExtensibilityGlobals) = postSolution
		SolutionGuid = {3A99067D-FE04-48F1-914D-34FD419F1FA1}
	EndGlobalSection
EndGlobal
